// !$*UTF8*$!
{
	archiveVersion = 1;
	classes = {
	};
	objectVersion = 50;
	objects = {

/* Begin PBXBuildFile section */
		B317FB98260B306800CB0AE2 /* MemorizeSourceApp.swift in Sources */ = {isa = PBXBuildFile; fileRef = B317FB97260B306800CB0AE2 /* MemorizeSourceApp.swift */; };
		B317FB9A260B306800CB0AE2 /* ContentView.swift in Sources */ = {isa = PBXBuildFile; fileRef = B317FB99260B306800CB0AE2 /* ContentView.swift */; };
		B317FB9C260B306A00CB0AE2 /* Assets.xcassets in Resources */ = {isa = PBXBuildFile; fileRef = B317FB9B260B306A00CB0AE2 /* Assets.xcassets */; };
		B317FB9F260B306A00CB0AE2 /* Preview Assets.xcassets in Resources */ = {isa = PBXBuildFile; fileRef = B317FB9E260B306A00CB0AE2 /* Preview Assets.xcassets */; };
		B3ECC302260BB51200D2F841 /* MemoryGame.swift in Sources */ = {isa = PBXBuildFile; fileRef = B3ECC301260BB51200D2F841 /* MemoryGame.swift */; };
		B3ECC305260BB71900D2F841 /* EmojiMemoryGame.swift in Sources */ = {isa = PBXBuildFile; fileRef = B3ECC304260BB71900D2F841 /* EmojiMemoryGame.swift */; };
/* End PBXBuildFile section */

/* Begin PBXFileReference section */
		B317FB94260B306800CB0AE2 /* MemorizeSource.app */ = {isa = PBXFileReference; explicitFileType = wrapper.application; includeInIndex = 0; path = MemorizeSource.app; sourceTree = BUILT_PRODUCTS_DIR; };
		B317FB97260B306800CB0AE2 /* MemorizeSourceApp.swift */ = {isa = PBXFileReference; lastKnownFileType = sourcecode.swift; path = MemorizeSourceApp.swift; sourceTree = "<group>"; };
		B317FB99260B306800CB0AE2 /* ContentView.swift */ = {isa = PBXFileReference; lastKnownFileType = sourcecode.swift; path = ContentView.swift; sourceTree = "<group>"; };
		B317FB9B260B306A00CB0AE2 /* Assets.xcassets */ = {isa = PBXFileReference; lastKnownFileType = folder.assetcatalog; path = Assets.xcassets; sourceTree = "<group>"; };
		B317FB9E260B306A00CB0AE2 /* Preview Assets.xcassets */ = {isa = PBXFileReference; lastKnownFileType = folder.assetcatalog; path = "Preview Assets.xcassets"; sourceTree = "<group>"; };
		B317FBA0260B306A00CB0AE2 /* Info.plist */ = {isa = PBXFileReference; lastKnownFileType = text.plist.xml; path = Info.plist; sourceTree = "<group>"; };
		B3ECC301260BB51200D2F841 /* MemoryGame.swift */ = {isa = PBXFileReference; lastKnownFileType = sourcecode.swift; path = MemoryGame.swift; sourceTree = "<group>"; };
		B3ECC304260BB71900D2F841 /* EmojiMemoryGame.swift */ = {isa = PBXFileReference; lastKnownFileType = sourcecode.swift; path = EmojiMemoryGame.swift; sourceTree = "<group>"; };
/* End PBXFileReference section */

/* Begin PBXFrameworksBuildPhase section */
		B317FB91260B306800CB0AE2 /* Frameworks */ = {
			isa = PBXFrameworksBuildPhase;
			buildActionMask = 2147483647;
			files = (
			);
			runOnlyForDeploymentPostprocessing = 0;
		};
/* End PBXFrameworksBuildPhase section */

/* Begin PBXGroup section */
		B317FB8B260B306800CB0AE2 = {
			isa = PBXGroup;
			children = (
				B317FB96260B306800CB0AE2 /* MemorizeSource */,
				B317FB95260B306800CB0AE2 /* Products */,
			);
			sourceTree = "<group>";
		};
		B317FB95260B306800CB0AE2 /* Products */ = {
			isa = PBXGroup;
			children = (
				B317FB94260B306800CB0AE2 /* MemorizeSource.app */,
			);
			name = Products;
			sourceTree = "<group>";
		};
		B317FB96260B306800CB0AE2 /* MemorizeSource */ = {
			isa = PBXGroup;
			children = (
				B317FB97260B306800CB0AE2 /* MemorizeSourceApp.swift */,
				B317FB99260B306800CB0AE2 /* ContentView.swift */,
				B3ECC301260BB51200D2F841 /* MemoryGame.swift */,
				B3ECC304260BB71900D2F841 /* EmojiMemoryGame.swift */,
				B317FB9B260B306A00CB0AE2 /* Assets.xcassets */,
				B317FBA0260B306A00CB0AE2 /* Info.plist */,
				B317FB9D260B306A00CB0AE2 /* Preview Content */,
			);
			path = MemorizeSource;
			sourceTree = "<group>";
		};
		B317FB9D260B306A00CB0AE2 /* Preview Content */ = {
			isa = PBXGroup;
			children = (
				B317FB9E260B306A00CB0AE2 /* Preview Assets.xcassets */,
			);
			path = "Preview Content";
			sourceTree = "<group>";
		};
/* End PBXGroup section */

/* Begin PBXNativeTarget section */
		B317FB93260B306800CB0AE2 /* MemorizeSource */ = {
			isa = PBXNativeTarget;
			buildConfigurationList = B317FBA3260B306A00CB0AE2 /* Build configuration list for PBXNativeTarget "MemorizeSource" */;
			buildPhases = (
				B317FB90260B306800CB0AE2 /* Sources */,
				B317FB91260B306800CB0AE2 /* Frameworks */,
				B317FB92260B306800CB0AE2 /* Resources */,
			);
			buildRules = (
			);
			dependencies = (
			);
			name = MemorizeSource;
			productName = MemorizeSource;
			productReference = B317FB94260B306800CB0AE2 /* MemorizeSource.app */;
			productType = "com.apple.product-type.application";
		};
/* End PBXNativeTarget section */

/* Begin PBXProject section */
		B317FB8C260B306800CB0AE2 /* Project object */ = {
			isa = PBXProject;
			attributes = {
				LastSwiftUpdateCheck = 1240;
				LastUpgradeCheck = 1240;
				TargetAttributes = {
					B317FB93260B306800CB0AE2 = {
						CreatedOnToolsVersion = 12.4;
					};
				};
			};
			buildConfigurationList = B317FB8F260B306800CB0AE2 /* Build configuration list for PBXProject "MemorizeSource" */;
			compatibilityVersion = "Xcode 9.3";
			developmentRegion = en;
			hasScannedForEncodings = 0;
			knownRegions = (
				en,
				Base,
			);
			mainGroup = B317FB8B260B306800CB0AE2;
			productRefGroup = B317FB95260B306800CB0AE2 /* Products */;
			projectDirPath = "";
			projectRoot = "";
			targets = (
				B317FB93260B306800CB0AE2 /* MemorizeSource */,
			);
		};
/* End PBXProject section */

/* Begin PBXResourcesBuildPhase section */
		B317FB92260B306800CB0AE2 /* Resources */ = {
			isa = PBXResourcesBuildPhase;
			buildActionMask = 2147483647;
			files = (
				B317FB9F260B306A00CB0AE2 /* Preview Assets.xcassets in Resources */,
				B317FB9C260B306A00CB0AE2 /* Assets.xcassets in Resources */,
			);
			runOnlyForDeploymentPostprocessing = 0;
		};
/* End PBXResourcesBuildPhase section */

/* Begin PBXSourcesBuildPhase section */
		B317FB90260B306800CB0AE2 /* Sources */ = {
			isa = PBXSourcesBuildPhase;
			buildActionMask = 2147483647;
			files = (
				B3ECC302260BB51200D2F841 /* MemoryGame.swift in Sources */,
				B317FB9A260B306800CB0AE2 /* ContentView.swift in Sources */,
				B317FB98260B306800CB0AE2 /* MemorizeSourceApp.swift in Sources */,
				B3ECC305260BB71900D2F841 /* EmojiMemoryGame.swift in Sources */,
			);
			runOnlyForDeploymentPostprocessing = 0;
		};
/* End PBXSourcesBuildPhase section */

/* Begin XCBuildConfiguration section */
		B317FBA1260B306A00CB0AE2 /* Debug */ = {
			isa = XCBuildConfiguration;
			buildSettings = {
				ALWAYS_SEARCH_USER_PATHS = NO;
				CLANG_ANALYZER_NONNULL = YES;
				CLANG_ANALYZER_NUMBER_OBJECT_CONVERSION = YES_AGGRESSIVE;
				CLANG_CXX_LANGUAGE_STANDARD = "gnu++14";
				CLANG_CXX_LIBRARY = "libc++";
				CLANG_ENABLE_MODULES = YES;
				CLANG_ENABLE_OBJC_ARC = YES;
				CLANG_ENABLE_OBJC_WEAK = YES;
				CLANG_WARN_BLOCK_CAPTURE_AUTORELEASING = YES;
				CLANG_WARN_BOOL_CONVERSION = YES;
				CLANG_WARN_COMMA = YES;
				CLANG_WARN_CONSTANT_CONVERSION = YES;
				CLANG_WARN_DEPRECATED_OBJC_IMPLEMENTATIONS = YES;
				CLANG_WARN_DIRECT_OBJC_ISA_USAGE = YES_ERROR;
				CLANG_WARN_DOCUMENTATION_COMMENTS = YES;
				CLANG_WARN_EMPTY_BODY = YES;
				CLANG_WARN_ENUM_CONVERSION = YES;
				CLANG_WARN_INFINITE_RECURSION = YES;
				CLANG_WARN_INT_CONVERSION = YES;
				CLANG_WARN_NON_LITERAL_NULL_CONVERSION = YES;
				CLANG_WARN_OBJC_IMPLICIT_RETAIN_SELF = YES;
				CLANG_WARN_OBJC_LITERAL_CONVERSION = YES;
				CLANG_WARN_OBJC_ROOT_CLASS = YES_ERROR;
				CLANG_WARN_QUOTED_INCLUDE_IN_FRAMEWORK_HEADER = YES;
				CLANG_WARN_RANGE_LOOP_ANALYSIS = YES;
				CLANG_WARN_STRICT_PROTOTYPES = YES;
				CLANG_WARN_SUSPICIOUS_MOVE = YES;
				CLANG_WARN_UNGUARDED_AVAILABILITY = YES_AGGRESSIVE;
				CLANG_WARN_UNREACHABLE_CODE = YES;
				CLANG_WARN__DUPLICATE_METHOD_MATCH = YES;
				COPY_PHASE_STRIP = NO;
				DEBUG_INFORMATION_FORMAT = dwarf;
				ENABLE_STRICT_OBJC_MSGSEND = YES;
				ENABLE_TESTABILITY = YES;
				GCC_C_LANGUAGE_STANDARD = gnu11;
				GCC_DYNAMIC_NO_PIC = NO;
				GCC_NO_COMMON_BLOCKS = YES;
				GCC_OPTIMIZATION_LEVEL = 0;
				GCC_PREPROCESSOR_DEFINITIONS = (
					"DEBUG=1",
					"$(inherited)",
				);
				GCC_WARN_64_TO_32_BIT_CONVERSION = YES;
				GCC_WARN_ABOUT_RETURN_TYPE = YES_ERROR;
				GCC_WARN_UNDECLARED_SELECTOR = YES;
				GCC_WARN_UNINITIALIZED_AUTOS = YES_AGGRESSIVE;
				GCC_WARN_UNUSED_FUNCTION = YES;
				GCC_WARN_UNUSED_VARIABLE = YES;
				IPHONEOS_DEPLOYMENT_TARGET = 14.4;
				MTL_ENABLE_DEBUG_INFO = INCLUDE_SOURCE;
				MTL_FAST_MATH = YES;
				ONLY_ACTIVE_ARCH = YES;
				SDKROOT = iphoneos;
				SWIFT_ACTIVE_COMPILATION_CONDITIONS = DEBUG;
				SWIFT_OPTIMIZATION_LEVEL = "-Onone";
			};
			name = Debug;
		};
		B317FBA2260B306A00CB0AE2 /* Release */ = {
			isa = XCBuildConfiguration;
			buildSettings = {
				ALWAYS_SEARCH_USER_PATHS = NO;
				CLANG_ANALYZER_NONNULL = YES;
				CLANG_ANALYZER_NUMBER_OBJECT_CONVERSION = YES_AGGRESSIVE;
				CLANG_CXX_LANGUAGE_STANDARD = "gnu++14";
				CLANG_CXX_LIBRARY = "libc++";
				CLANG_ENABLE_MODULES = YES;
				CLANG_ENABLE_OBJC_ARC = YES;
				CLANG_ENABLE_OBJC_WEAK = YES;
				CLANG_WARN_BLOCK_CAPTURE_AUTORELEASING = YES;
				CLANG_WARN_BOOL_CONVERSION = YES;
				CLANG_WARN_COMMA = YES;
				CLANG_WARN_CONSTANT_CONVERSION = YES;
				CLANG_WARN_DEPRECATED_OBJC_IMPLEMENTATIONS = YES;
				CLANG_WARN_DIRECT_OBJC_ISA_USAGE = YES_ERROR;
				CLANG_WARN_DOCUMENTATION_COMMENTS = YES;
				CLANG_WARN_EMPTY_BODY = YES;
				CLANG_WARN_ENUM_CONVERSION = YES;
				CLANG_WARN_INFINITE_RECURSION = YES;
				CLANG_WARN_INT_CONVERSION = YES;
				CLANG_WARN_NON_LITERAL_NULL_CONVERSION = YES;
				CLANG_WARN_OBJC_IMPLICIT_RETAIN_SELF = YES;
				CLANG_WARN_OBJC_LITERAL_CONVERSION = YES;
				CLANG_WARN_OBJC_ROOT_CLASS = YES_ERROR;
				CLANG_WARN_QUOTED_INCLUDE_IN_FRAMEWORK_HEADER = YES;
				CLANG_WARN_RANGE_LOOP_ANALYSIS = YES;
				CLANG_WARN_STRICT_PROTOTYPES = YES;
				CLANG_WARN_SUSPICIOUS_MOVE = YES;
				CLANG_WARN_UNGUARDED_AVAILABILITY = YES_AGGRESSIVE;
				CLANG_WARN_UNREACHABLE_CODE = YES;
				CLANG_WARN__DUPLICATE_METHOD_MATCH = YES;
				COPY_PHASE_STRIP = NO;
				DEBUG_INFORMATION_FORMAT = "dwarf-with-dsym";
				ENABLE_NS_ASSERTIONS = NO;
				ENABLE_STRICT_OBJC_MSGSEND = YES;
				GCC_C_LANGUAGE_STANDARD = gnu11;
				GCC_NO_COMMON_BLOCKS = YES;
				GCC_WARN_64_TO_32_BIT_CONVERSION = YES;
				GCC_WARN_ABOUT_RETURN_TYPE = YES_ERROR;
				GCC_WARN_UNDECLARED_SELECTOR = YES;
				GCC_WARN_UNINITIALIZED_AUTOS = YES_AGGRESSIVE;
				GCC_WARN_UNUSED_FUNCTION = YES;
				GCC_WARN_UNUSED_VARIABLE = YES;
				IPHONEOS_DEPLOYMENT_TARGET = 14.4;
				MTL_ENABLE_DEBUG_INFO = NO;
				MTL_FAST_MATH = YES;
				SDKROOT = iphoneos;
				SWIFT_COMPILATION_MODE = wholemodule;
				SWIFT_OPTIMIZATION_LEVEL = "-O";
				VALIDATE_PRODUCT = YES;
			};
			name = Release;
		};
		B317FBA4260B306A00CB0AE2 /* Debug */ = {
			isa = XCBuildConfiguration;
			buildSettings = {
				ASSETCATALOG_COMPILER_APPICON_NAME = AppIcon;
				ASSETCATALOG_COMPILER_GLOBAL_ACCENT_COLOR_NAME = AccentColor;
				CODE_SIGN_STYLE = Automatic;
				DEVELOPMENT_ASSET_PATHS = "\"MemorizeSource/Preview Content\"";
				DEVELOPMENT_TEAM = 376A7TU685;
				ENABLE_PREVIEWS = YES;
				INFOPLIST_FILE = MemorizeSource/Info.plist;
				IPHONEOS_DEPLOYMENT_TARGET = 14.0;
				LD_RUNPATH_SEARCH_PATHS = (
					"$(inherited)",
					"@executable_path/Frameworks",
				);
				PRODUCT_BUNDLE_IDENTIFIER = com.leonidnazarov.MemorizeSource;
				PRODUCT_NAME = "$(TARGET_NAME)";
				SWIFT_VERSION = 5.0;
				TARGETED_DEVICE_FAMILY = "1,2";
			};
			name = Debug;
		};
		B317FBA5260B306A00CB0AE2 /* Release */ = {
			isa = XCBuildConfiguration;
			buildSettings = {
				ASSETCATALOG_COMPILER_APPICON_NAME = AppIcon;
				ASSETCATALOG_COMPILER_GLOBAL_ACCENT_COLOR_NAME = AccentColor;
				CODE_SIGN_STYLE = Automatic;
				DEVELOPMENT_ASSET_PATHS = "\"MemorizeSource/Preview Content\"";
				DEVELOPMENT_TEAM = 376A7TU685;
				ENABLE_PREVIEWS = YES;
				INFOPLIST_FILE = MemorizeSource/Info.plist;
				IPHONEOS_DEPLOYMENT_TARGET = 14.0;
				LD_RUNPATH_SEARCH_PATHS = (
					"$(inherited)",
					"@executable_path/Frameworks",
				);
				PRODUCT_BUNDLE_IDENTIFIER = com.leonidnazarov.MemorizeSource;
				PRODUCT_NAME = "$(TARGET_NAME)";
				SWIFT_VERSION = 5.0;
				TARGETED_DEVICE_FAMILY = "1,2";
			};
			name = Release;
		};
/* End XCBuildConfiguration section */

/* Begin XCConfigurationList section */
		B317FB8F260B306800CB0AE2 /* Build configuration list for PBXProject "MemorizeSource" */ = {
			isa = XCConfigurationList;
			buildConfigurations = (
				B317FBA1260B306A00CB0AE2 /* Debug */,
				B317FBA2260B306A00CB0AE2 /* Release */,
			);
			defaultConfigurationIsVisible = 0;
			defaultConfigurationName = Release;
		};
		B317FBA3260B306A00CB0AE2 /* Build configuration list for PBXNativeTarget "MemorizeSource" */ = {
			isa = XCConfigurationList;
			buildConfigurations = (
				B317FBA4260B306A00CB0AE2 /* Debug */,
				B317FBA5260B306A00CB0AE2 /* Release */,
			);
			defaultConfigurationIsVisible = 0;
			defaultConfigurationName = Release;
		};
/* End XCConfigurationList section */
	};
	rootObject = B317FB8C260B306800CB0AE2 /* Project object */;
}
